{
  "name": "Showwcase-Clone",
  "lockfileVersion": 2,
  "requires": true,
  "packages": {
    "": {
      "devDependencies": {
        "prisma": "^4.6.1"
      }
    },
    "node_modules/@prisma/engines": {
      "version": "4.6.1",
      "resolved": "https://registry.npmjs.org/@prisma/engines/-/engines-4.6.1.tgz",
      "integrity": "sha512-3u2/XxvxB+Q7cMXHnKU0CpBiUK1QWqpgiBv28YDo1zOIJE3FCF8DI2vrp6vuwjGt5h0JGXDSvmSf4D4maVjJdw==",
      "dev": true,
      "hasInstallScript": true
    },
    "node_modules/prisma": {
      "version": "4.6.1",
      "resolved": "https://registry.npmjs.org/prisma/-/prisma-4.6.1.tgz",
      "integrity": "sha512-BR4itMCuzrDV4tn3e2TF+nh1zIX/RVU0isKtKoN28ADeoJ9nYaMhiuRRkFd2TZN8+l/XfYzoRKyHzUFXLQhmBQ==",
      "dev": true,
      "hasInstallScript": true,
      "dependencies": {
        "@prisma/engines": "4.6.1"
      },
      "bin": {
        "prisma": "build/index.js",
        "prisma2": "build/index.js"
      },
      "engines": {
        "node": ">=14.17"
      }
    }
  },
  "dependencies": {
    "@prisma/engines": {
      "version": "4.6.1",
      "resolved": "https://registry.npmjs.org/@prisma/engines/-/engines-4.6.1.tgz",
      "integrity": "sha512-3u2/XxvxB+Q7cMXHnKU0CpBiUK1QWqpgiBv28YDo1zOIJE3FCF8DI2vrp6vuwjGt5h0JGXDSvmSf4D4maVjJdw==",
      "dev": true
    },
    "prisma": {
      "version": "4.6.1",
      "resolved": "https://registry.npmjs.org/prisma/-/prisma-4.6.1.tgz",
      "integrity": "sha512-BR4itMCuzrDV4tn3e2TF+nh1zIX/RVU0isKtKoN28ADeoJ9nYaMhiuRRkFd2TZN8+l/XfYzoRKyHzUFXLQhmBQ==",
      "dev": true,
      "requires": {
        "@prisma/engines": "4.6.1"
      }
    }
  }
}
